github.com/ortizdavid/filemanager v0.0.0-20230830113327-a68e5f4672f5 h1:2Gkl4mTBY2VoOmSX7k2zz7aZ/NkxjY0qb+unds1wzRk=
github.com/ortizdavid/filemanager v0.0.0-20230830113327-a68e5f4672f5/go.mod h1:9hU0ZmtMxcXtBQf0DHiswP1+LvLKtQI8pbMHXPzoUQU=
github.com/ortizdavid/go-nopain v0.0.0-20231123091222-169eda306f10 h1:MwzrbWXEA6eWoILDjtFRa6oSsuNINfe4XpHBGG9Ylpk=
github.com/ortizdavid/go-nopain v0.0.0-20231123091222-169eda306f10/go.mod h1:iY+qpRU/vzJ2lGIfNdWKAxHNJZR/mzY4WI1m0a20qEk=
